// !$*UTF8*$!
{
	archiveVersion = 1;
	classes = {
	};
	objectVersion = 55;
	objects = {

/* Begin PBXBuildFile section */
		CC0DFB4A275E2B7700DDA448 /* AppDelegate.swift in Sources */ = {isa = PBXBuildFile; fileRef = CC0DFB49275E2B7700DDA448 /* AppDelegate.swift */; };
		CC0DFB4C275E2B7700DDA448 /* SceneDelegate.swift in Sources */ = {isa = PBXBuildFile; fileRef = CC0DFB4B275E2B7700DDA448 /* SceneDelegate.swift */; };
		CC0DFB4E275E2B7700DDA448 /* ViewController.swift in Sources */ = {isa = PBXBuildFile; fileRef = CC0DFB4D275E2B7700DDA448 /* ViewController.swift */; };
		CC0DFB51275E2B7700DDA448 /* Main.storyboard in Resources */ = {isa = PBXBuildFile; fileRef = CC0DFB4F275E2B7700DDA448 /* Main.storyboard */; };
		CC0DFB53275E2B7900DDA448 /* Assets.xcassets in Resources */ = {isa = PBXBuildFile; fileRef = CC0DFB52275E2B7900DDA448 /* Assets.xcassets */; };
		CC0DFB56275E2B7900DDA448 /* LaunchScreen.storyboard in Resources */ = {isa = PBXBuildFile; fileRef = CC0DFB54275E2B7900DDA448 /* LaunchScreen.storyboard */; };
		CC0DFB61275E2B7900DDA448 /* RainbowRoadTableViewTests.swift in Sources */ = {isa = PBXBuildFile; fileRef = CC0DFB60275E2B7900DDA448 /* RainbowRoadTableViewTests.swift */; };
		CC0DFB6B275E2B7900DDA448 /* RainbowRoadTableViewUITests.swift in Sources */ = {isa = PBXBuildFile; fileRef = CC0DFB6A275E2B7900DDA448 /* RainbowRoadTableViewUITests.swift */; };
		CC0DFB6D275E2B7900DDA448 /* RainbowRoadTableViewUITestsLaunchTests.swift in Sources */ = {isa = PBXBuildFile; fileRef = CC0DFB6C275E2B7900DDA448 /* RainbowRoadTableViewUITestsLaunchTests.swift */; };
/* End PBXBuildFile section */

/* Begin PBXContainerItemProxy section */
		CC0DFB5D275E2B7900DDA448 /* PBXContainerItemProxy */ = {
			isa = PBXContainerItemProxy;
			containerPortal = CC0DFB3E275E2B7700DDA448 /* Project object */;
			proxyType = 1;
			remoteGlobalIDString = CC0DFB45275E2B7700DDA448;
			remoteInfo = RainbowRoadTableView;
		};
		CC0DFB67275E2B7900DDA448 /* PBXContainerItemProxy */ = {
			isa = PBXContainerItemProxy;
			containerPortal = CC0DFB3E275E2B7700DDA448 /* Project object */;
			proxyType = 1;
			remoteGlobalIDString = CC0DFB45275E2B7700DDA448;
			remoteInfo = RainbowRoadTableView;
		};
/* End PBXContainerItemProxy section */

/* Begin PBXFileReference section */
		CC0DFB46275E2B7700DDA448 /* RainbowRoadTableView.app */ = {isa = PBXFileReference; explicitFileType = wrapper.application; includeInIndex = 0; path = RainbowRoadTableView.app; sourceTree = BUILT_PRODUCTS_DIR; };
		CC0DFB49275E2B7700DDA448 /* AppDelegate.swift */ = {isa = PBXFileReference; lastKnownFileType = sourcecode.swift; path = AppDelegate.swift; sourceTree = "<group>"; };
		CC0DFB4B275E2B7700DDA448 /* SceneDelegate.swift */ = {isa = PBXFileReference; lastKnownFileType = sourcecode.swift; path = SceneDelegate.swift; sourceTree = "<group>"; };
		CC0DFB4D275E2B7700DDA448 /* ViewController.swift */ = {isa = PBXFileReference; lastKnownFileType = sourcecode.swift; path = ViewController.swift; sourceTree = "<group>"; };
		CC0DFB50275E2B7700DDA448 /* Base */ = {isa = PBXFileReference; lastKnownFileType = file.storyboard; name = Base; path = Base.lproj/Main.storyboard; sourceTree = "<group>"; };
		CC0DFB52275E2B7900DDA448 /* Assets.xcassets */ = {isa = PBXFileReference; lastKnownFileType = folder.assetcatalog; path = Assets.xcassets; sourceTree = "<group>"; };
		CC0DFB55275E2B7900DDA448 /* Base */ = {isa = PBXFileReference; lastKnownFileType = file.storyboard; name = Base; path = Base.lproj/LaunchScreen.storyboard; sourceTree = "<group>"; };
		CC0DFB57275E2B7900DDA448 /* Info.plist */ = {isa = PBXFileReference; lastKnownFileType = text.plist.xml; path = Info.plist; sourceTree = "<group>"; };
		CC0DFB5C275E2B7900DDA448 /* RainbowRoadTableViewTests.xctest */ = {isa = PBXFileReference; explicitFileType = wrapper.cfbundle; includeInIndex = 0; path = RainbowRoadTableViewTests.xctest; sourceTree = BUILT_PRODUCTS_DIR; };
		CC0DFB60275E2B7900DDA448 /* RainbowRoadTableViewTests.swift */ = {isa = PBXFileReference; lastKnownFileType = sourcecode.swift; path = RainbowRoadTableViewTests.swift; sourceTree = "<group>"; };
		CC0DFB66275E2B7900DDA448 /* RainbowRoadTableViewUITests.xctest */ = {isa = PBXFileReference; explicitFileType = wrapper.cfbundle; includeInIndex = 0; path = RainbowRoadTableViewUITests.xctest; sourceTree = BUILT_PRODUCTS_DIR; };
		CC0DFB6A275E2B7900DDA448 /* RainbowRoadTableViewUITests.swift */ = {isa = PBXFileReference; lastKnownFileType = sourcecode.swift; path = RainbowRoadTableViewUITests.swift; sourceTree = "<group>"; };
		CC0DFB6C275E2B7900DDA448 /* RainbowRoadTableViewUITestsLaunchTests.swift */ = {isa = PBXFileReference; lastKnownFileType = sourcecode.swift; path = RainbowRoadTableViewUITestsLaunchTests.swift; sourceTree = "<group>"; };
/* End PBXFileReference section */

/* Begin PBXFrameworksBuildPhase section */
		CC0DFB43275E2B7700DDA448 /* Frameworks */ = {
			isa = PBXFrameworksBuildPhase;
			buildActionMask = 2147483647;
			files = (
			);
			runOnlyForDeploymentPostprocessing = 0;
		};
		CC0DFB59275E2B7900DDA448 /* Frameworks */ = {
			isa = PBXFrameworksBuildPhase;
			buildActionMask = 2147483647;
			files = (
			);
			runOnlyForDeploymentPostprocessing = 0;
		};
		CC0DFB63275E2B7900DDA448 /* Frameworks */ = {
			isa = PBXFrameworksBuildPhase;
			buildActionMask = 2147483647;
			files = (
			);
			runOnlyForDeploymentPostprocessing = 0;
		};
/* End PBXFrameworksBuildPhase section */

/* Begin PBXGroup section */
		CC0DFB3D275E2B7700DDA448 = {
			isa = PBXGroup;
			children = (
				CC0DFB48275E2B7700DDA448 /* RainbowRoadTableView */,
				CC0DFB5F275E2B7900DDA448 /* RainbowRoadTableViewTests */,
				CC0DFB69275E2B7900DDA448 /* RainbowRoadTableViewUITests */,
				CC0DFB47275E2B7700DDA448 /* Products */,
			);
			sourceTree = "<group>";
		};
		CC0DFB47275E2B7700DDA448 /* Products */ = {
			isa = PBXGroup;
			children = (
				CC0DFB46275E2B7700DDA448 /* RainbowRoadTableView.app */,
				CC0DFB5C275E2B7900DDA448 /* RainbowRoadTableViewTests.xctest */,
				CC0DFB66275E2B7900DDA448 /* RainbowRoadTableViewUITests.xctest */,
			);
			name = Products;
			sourceTree = "<group>";
		};
		CC0DFB48275E2B7700DDA448 /* RainbowRoadTableView */ = {
			isa = PBXGroup;
			children = (
				CC0DFB49275E2B7700DDA448 /* AppDelegate.swift */,
				CC0DFB4B275E2B7700DDA448 /* SceneDelegate.swift */,
				CC0DFB4D275E2B7700DDA448 /* ViewController.swift */,
				CC0DFB4F275E2B7700DDA448 /* Main.storyboard */,
				CC0DFB52275E2B7900DDA448 /* Assets.xcassets */,
				CC0DFB54275E2B7900DDA448 /* LaunchScreen.storyboard */,
				CC0DFB57275E2B7900DDA448 /* Info.plist */,
			);
			path = RainbowRoadTableView;
			sourceTree = "<group>";
		};
		CC0DFB5F275E2B7900DDA448 /* RainbowRoadTableViewTests */ = {
			isa = PBXGroup;
			children = (
				CC0DFB60275E2B7900DDA448 /* RainbowRoadTableViewTests.swift */,
			);
			path = RainbowRoadTableViewTests;
			sourceTree = "<group>";
		};
		CC0DFB69275E2B7900DDA448 /* RainbowRoadTableViewUITests */ = {
			isa = PBXGroup;
			children = (
				CC0DFB6A275E2B7900DDA448 /* RainbowRoadTableViewUITests.swift */,
				CC0DFB6C275E2B7900DDA448 /* RainbowRoadTableViewUITestsLaunchTests.swift */,
			);
			path = RainbowRoadTableViewUITests;
			sourceTree = "<group>";
		};
/* End PBXGroup section */

/* Begin PBXNativeTarget section */
		CC0DFB45275E2B7700DDA448 /* RainbowRoadTableView */ = {
			isa = PBXNativeTarget;
			buildConfigurationList = CC0DFB70275E2B7900DDA448 /* Build configuration list for PBXNativeTarget "RainbowRoadTableView" */;
			buildPhases = (
				CC0DFB42275E2B7700DDA448 /* Sources */,
				CC0DFB43275E2B7700DDA448 /* Frameworks */,
				CC0DFB44275E2B7700DDA448 /* Resources */,
			);
			buildRules = (
			);
			dependencies = (
			);
			name = RainbowRoadTableView;
			productName = RainbowRoadTableView;
			productReference = CC0DFB46275E2B7700DDA448 /* RainbowRoadTableView.app */;
			productType = "com.apple.product-type.application";
		};
		CC0DFB5B275E2B7900DDA448 /* RainbowRoadTableViewTests */ = {
			isa = PBXNativeTarget;
			buildConfigurationList = CC0DFB73275E2B7900DDA448 /* Build configuration list for PBXNativeTarget "RainbowRoadTableViewTests" */;
			buildPhases = (
				CC0DFB58275E2B7900DDA448 /* Sources */,
				CC0DFB59275E2B7900DDA448 /* Frameworks */,
				CC0DFB5A275E2B7900DDA448 /* Resources */,
			);
			buildRules = (
			);
			dependencies = (
				CC0DFB5E275E2B7900DDA448 /* PBXTargetDependency */,
			);
			name = RainbowRoadTableViewTests;
			productName = RainbowRoadTableViewTests;
			productReference = CC0DFB5C275E2B7900DDA448 /* RainbowRoadTableViewTests.xctest */;
			productType = "com.apple.product-type.bundle.unit-test";
		};
		CC0DFB65275E2B7900DDA448 /* RainbowRoadTableViewUITests */ = {
			isa = PBXNativeTarget;
			buildConfigurationList = CC0DFB76275E2B7900DDA448 /* Build configuration list for PBXNativeTarget "RainbowRoadTableViewUITests" */;
			buildPhases = (
				CC0DFB62275E2B7900DDA448 /* Sources */,
				CC0DFB63275E2B7900DDA448 /* Frameworks */,
				CC0DFB64275E2B7900DDA448 /* Resources */,
			);
			buildRules = (
			);
			dependencies = (
				CC0DFB68275E2B7900DDA448 /* PBXTargetDependency */,
			);
			name = RainbowRoadTableViewUITests;
			productName = RainbowRoadTableViewUITests;
			productReference = CC0DFB66275E2B7900DDA448 /* RainbowRoadTableViewUITests.xctest */;
			productType = "com.apple.product-type.bundle.ui-testing";
		};
/* End PBXNativeTarget section */

/* Begin PBXProject section */
		CC0DFB3E275E2B7700DDA448 /* Project object */ = {
			isa = PBXProject;
			attributes = {
				BuildIndependentTargetsInParallel = 1;
				LastSwiftUpdateCheck = 1310;
				LastUpgradeCheck = 1310;
				TargetAttributes = {
					CC0DFB45275E2B7700DDA448 = {
						CreatedOnToolsVersion = 13.1;
					};
					CC0DFB5B275E2B7900DDA448 = {
						CreatedOnToolsVersion = 13.1;
						TestTargetID = CC0DFB45275E2B7700DDA448;
					};
					CC0DFB65275E2B7900DDA448 = {
						CreatedOnToolsVersion = 13.1;
						TestTargetID = CC0DFB45275E2B7700DDA448;
					};
				};
			};
			buildConfigurationList = CC0DFB41275E2B7700DDA448 /* Build configuration list for PBXProject "RainbowRoadTableView" */;
			compatibilityVersion = "Xcode 13.0";
			developmentRegion = en;
			hasScannedForEncodings = 0;
			knownRegions = (
				en,
				Base,
			);
			mainGroup = CC0DFB3D275E2B7700DDA448;
			productRefGroup = CC0DFB47275E2B7700DDA448 /* Products */;
			projectDirPath = "";
			projectRoot = "";
			targets = (
				CC0DFB45275E2B7700DDA448 /* RainbowRoadTableView */,
				CC0DFB5B275E2B7900DDA448 /* RainbowRoadTableViewTests */,
				CC0DFB65275E2B7900DDA448 /* RainbowRoadTableViewUITests */,
			);
		};
/* End PBXProject section */

/* Begin PBXResourcesBuildPhase section */
		CC0DFB44275E2B7700DDA448 /* Resources */ = {
			isa = PBXResourcesBuildPhase;
			buildActionMask = 2147483647;
			files = (
				CC0DFB56275E2B7900DDA448 /* LaunchScreen.storyboard in Resources */,
				CC0DFB53275E2B7900DDA448 /* Assets.xcassets in Resources */,
				CC0DFB51275E2B7700DDA448 /* Main.storyboard in Resources */,
			);
			runOnlyForDeploymentPostprocessing = 0;
		};
		CC0DFB5A275E2B7900DDA448 /* Resources */ = {
			isa = PBXResourcesBuildPhase;
			buildActionMask = 2147483647;
			files = (
			);
			runOnlyForDeploymentPostprocessing = 0;
		};
		CC0DFB64275E2B7900DDA448 /* Resources */ = {
			isa = PBXResourcesBuildPhase;
			buildActionMask = 2147483647;
			files = (
			);
			runOnlyForDeploymentPostprocessing = 0;
		};
/* End PBXResourcesBuildPhase section */

/* Begin PBXSourcesBuildPhase section */
		CC0DFB42275E2B7700DDA448 /* Sources */ = {
			isa = PBXSourcesBuildPhase;
			buildActionMask = 2147483647;
			files = (
				CC0DFB4E275E2B7700DDA448 /* ViewController.swift in Sources */,
				CC0DFB4A275E2B7700DDA448 /* AppDelegate.swift in Sources */,
				CC0DFB4C275E2B7700DDA448 /* SceneDelegate.swift in Sources */,
			);
			runOnlyForDeploymentPostprocessing = 0;
		};
		CC0DFB58275E2B7900DDA448 /* Sources */ = {
			isa = PBXSourcesBuildPhase;
			buildActionMask = 2147483647;
			files = (
				CC0DFB61275E2B7900DDA448 /* RainbowRoadTableViewTests.swift in Sources */,
			);
			runOnlyForDeploymentPostprocessing = 0;
		};
		CC0DFB62275E2B7900DDA448 /* Sources */ = {
			isa = PBXSourcesBuildPhase;
			buildActionMask = 2147483647;
			files = (
				CC0DFB6B275E2B7900DDA448 /* RainbowRoadTableViewUITests.swift in Sources */,
				CC0DFB6D275E2B7900DDA448 /* RainbowRoadTableViewUITestsLaunchTests.swift in Sources */,
			);
			runOnlyForDeploymentPostprocessing = 0;
		};
/* End PBXSourcesBuildPhase section */

/* Begin PBXTargetDependency section */
		CC0DFB5E275E2B7900DDA448 /* PBXTargetDependency */ = {
			isa = PBXTargetDependency;
			target = CC0DFB45275E2B7700DDA448 /* RainbowRoadTableView */;
			targetProxy = CC0DFB5D275E2B7900DDA448 /* PBXContainerItemProxy */;
		};
		CC0DFB68275E2B7900DDA448 /* PBXTargetDependency */ = {
			isa = PBXTargetDependency;
			target = CC0DFB45275E2B7700DDA448 /* RainbowRoadTableView */;
			targetProxy = CC0DFB67275E2B7900DDA448 /* PBXContainerItemProxy */;
		};
/* End PBXTargetDependency section */

/* Begin PBXVariantGroup section */
		CC0DFB4F275E2B7700DDA448 /* Main.storyboard */ = {
			isa = PBXVariantGroup;
			children = (
				CC0DFB50275E2B7700DDA448 /* Base */,
			);
			name = Main.storyboard;
			sourceTree = "<group>";
		};
		CC0DFB54275E2B7900DDA448 /* LaunchScreen.storyboard */ = {
			isa = PBXVariantGroup;
			children = (
				CC0DFB55275E2B7900DDA448 /* Base */,
			);
			name = LaunchScreen.storyboard;
			sourceTree = "<group>";
		};
/* End PBXVariantGroup section */

/* Begin XCBuildConfiguration section */
		CC0DFB6E275E2B7900DDA448 /* Debug */ = {
			isa = XCBuildConfiguration;
			buildSettings = {
				ALWAYS_SEARCH_USER_PATHS = NO;
				CLANG_ANALYZER_NONNULL = YES;
				CLANG_ANALYZER_NUMBER_OBJECT_CONVERSION = YES_AGGRESSIVE;
				CLANG_CXX_LANGUAGE_STANDARD = "gnu++17";
				CLANG_CXX_LIBRARY = "libc++";
				CLANG_ENABLE_MODULES = YES;
				CLANG_ENABLE_OBJC_ARC = YES;
				CLANG_ENABLE_OBJC_WEAK = YES;
				CLANG_WARN_BLOCK_CAPTURE_AUTORELEASING = YES;
				CLANG_WARN_BOOL_CONVERSION = YES;
				CLANG_WARN_COMMA = YES;
				CLANG_WARN_CONSTANT_CONVERSION = YES;
				CLANG_WARN_DEPRECATED_OBJC_IMPLEMENTATIONS = YES;
				CLANG_WARN_DIRECT_OBJC_ISA_USAGE = YES_ERROR;
				CLANG_WARN_DOCUMENTATION_COMMENTS = YES;
				CLANG_WARN_EMPTY_BODY = YES;
				CLANG_WARN_ENUM_CONVERSION = YES;
				CLANG_WARN_INFINITE_RECURSION = YES;
				CLANG_WARN_INT_CONVERSION = YES;
				CLANG_WARN_NON_LITERAL_NULL_CONVERSION = YES;
				CLANG_WARN_OBJC_IMPLICIT_RETAIN_SELF = YES;
				CLANG_WARN_OBJC_LITERAL_CONVERSION = YES;
				CLANG_WARN_OBJC_ROOT_CLASS = YES_ERROR;
				CLANG_WARN_QUOTED_INCLUDE_IN_FRAMEWORK_HEADER = YES;
				CLANG_WARN_RANGE_LOOP_ANALYSIS = YES;
				CLANG_WARN_STRICT_PROTOTYPES = YES;
				CLANG_WARN_SUSPICIOUS_MOVE = YES;
				CLANG_WARN_UNGUARDED_AVAILABILITY = YES_AGGRESSIVE;
				CLANG_WARN_UNREACHABLE_CODE = YES;
				CLANG_WARN__DUPLICATE_METHOD_MATCH = YES;
				COPY_PHASE_STRIP = NO;
				DEBUG_INFORMATION_FORMAT = dwarf;
				ENABLE_STRICT_OBJC_MSGSEND = YES;
				ENABLE_TESTABILITY = YES;
				GCC_C_LANGUAGE_STANDARD = gnu11;
				GCC_DYNAMIC_NO_PIC = NO;
				GCC_NO_COMMON_BLOCKS = YES;
				GCC_OPTIMIZATION_LEVEL = 0;
				GCC_PREPROCESSOR_DEFINITIONS = (
					"DEBUG=1",
					"$(inherited)",
				);
				GCC_WARN_64_TO_32_BIT_CONVERSION = YES;
				GCC_WARN_ABOUT_RETURN_TYPE = YES_ERROR;
				GCC_WARN_UNDECLARED_SELECTOR = YES;
				GCC_WARN_UNINITIALIZED_AUTOS = YES_AGGRESSIVE;
				GCC_WARN_UNUSED_FUNCTION = YES;
				GCC_WARN_UNUSED_VARIABLE = YES;
				IPHONEOS_DEPLOYMENT_TARGET = 15.0;
				MTL_ENABLE_DEBUG_INFO = INCLUDE_SOURCE;
				MTL_FAST_MATH = YES;
				ONLY_ACTIVE_ARCH = YES;
				SDKROOT = iphoneos;
				SWIFT_ACTIVE_COMPILATION_CONDITIONS = DEBUG;
				SWIFT_OPTIMIZATION_LEVEL = "-Onone";
			};
			name = Debug;
		};
		CC0DFB6F275E2B7900DDA448 /* Release */ = {
			isa = XCBuildConfiguration;
			buildSettings = {
				ALWAYS_SEARCH_USER_PATHS = NO;
				CLANG_ANALYZER_NONNULL = YES;
				CLANG_ANALYZER_NUMBER_OBJECT_CONVERSION = YES_AGGRESSIVE;
				CLANG_CXX_LANGUAGE_STANDARD = "gnu++17";
				CLANG_CXX_LIBRARY = "libc++";
				CLANG_ENABLE_MODULES = YES;
				CLANG_ENABLE_OBJC_ARC = YES;
				CLANG_ENABLE_OBJC_WEAK = YES;
				CLANG_WARN_BLOCK_CAPTURE_AUTORELEASING = YES;
				CLANG_WARN_BOOL_CONVERSION = YES;
				CLANG_WARN_COMMA = YES;
				CLANG_WARN_CONSTANT_CONVERSION = YES;
				CLANG_WARN_DEPRECATED_OBJC_IMPLEMENTATIONS = YES;
				CLANG_WARN_DIRECT_OBJC_ISA_USAGE = YES_ERROR;
				CLANG_WARN_DOCUMENTATION_COMMENTS = YES;
				CLANG_WARN_EMPTY_BODY = YES;
				CLANG_WARN_ENUM_CONVERSION = YES;
				CLANG_WARN_INFINITE_RECURSION = YES;
				CLANG_WARN_INT_CONVERSION = YES;
				CLANG_WARN_NON_LITERAL_NULL_CONVERSION = YES;
				CLANG_WARN_OBJC_IMPLICIT_RETAIN_SELF = YES;
				CLANG_WARN_OBJC_LITERAL_CONVERSION = YES;
				CLANG_WARN_OBJC_ROOT_CLASS = YES_ERROR;
				CLANG_WARN_QUOTED_INCLUDE_IN_FRAMEWORK_HEADER = YES;
				CLANG_WARN_RANGE_LOOP_ANALYSIS = YES;
				CLANG_WARN_STRICT_PROTOTYPES = YES;
				CLANG_WARN_SUSPICIOUS_MOVE = YES;
				CLANG_WARN_UNGUARDED_AVAILABILITY = YES_AGGRESSIVE;
				CLANG_WARN_UNREACHABLE_CODE = YES;
				CLANG_WARN__DUPLICATE_METHOD_MATCH = YES;
				COPY_PHASE_STRIP = NO;
				DEBUG_INFORMATION_FORMAT = "dwarf-with-dsym";
				ENABLE_NS_ASSERTIONS = NO;
				ENABLE_STRICT_OBJC_MSGSEND = YES;
				GCC_C_LANGUAGE_STANDARD = gnu11;
				GCC_NO_COMMON_BLOCKS = YES;
				GCC_WARN_64_TO_32_BIT_CONVERSION = YES;
				GCC_WARN_ABOUT_RETURN_TYPE = YES_ERROR;
				GCC_WARN_UNDECLARED_SELECTOR = YES;
				GCC_WARN_UNINITIALIZED_AUTOS = YES_AGGRESSIVE;
				GCC_WARN_UNUSED_FUNCTION = YES;
				GCC_WARN_UNUSED_VARIABLE = YES;
				IPHONEOS_DEPLOYMENT_TARGET = 15.0;
				MTL_ENABLE_DEBUG_INFO = NO;
				MTL_FAST_MATH = YES;
				SDKROOT = iphoneos;
				SWIFT_COMPILATION_MODE = wholemodule;
				SWIFT_OPTIMIZATION_LEVEL = "-O";
				VALIDATE_PRODUCT = YES;
			};
			name = Release;
		};
		CC0DFB71275E2B7900DDA448 /* Debug */ = {
			isa = XCBuildConfiguration;
			buildSettings = {
				ASSETCATALOG_COMPILER_APPICON_NAME = AppIcon;
				ASSETCATALOG_COMPILER_GLOBAL_ACCENT_COLOR_NAME = AccentColor;
				CODE_SIGN_STYLE = Automatic;
				CURRENT_PROJECT_VERSION = 1;
				DEVELOPMENT_TEAM = YSX47LJT9G;
				GENERATE_INFOPLIST_FILE = YES;
				INFOPLIST_FILE = RainbowRoadTableView/Info.plist;
				INFOPLIST_KEY_UIApplicationSupportsIndirectInputEvents = YES;
				INFOPLIST_KEY_UILaunchStoryboardName = LaunchScreen;
				INFOPLIST_KEY_UIMainStoryboardFile = Main;
				INFOPLIST_KEY_UISupportedInterfaceOrientations_iPad = "UIInterfaceOrientationPortrait UIInterfaceOrientationPortraitUpsideDown UIInterfaceOrientationLandscapeLeft UIInterfaceOrientationLandscapeRight";
				INFOPLIST_KEY_UISupportedInterfaceOrientations_iPhone = "UIInterfaceOrientationPortrait UIInterfaceOrientationLandscapeLeft UIInterfaceOrientationLandscapeRight";
				LD_RUNPATH_SEARCH_PATHS = (
					"$(inherited)",
					"@executable_path/Frameworks",
				);
				MARKETING_VERSION = 1.0;
				PRODUCT_BUNDLE_IDENTIFIER = wishStar.RainbowRoadTableView;
				PRODUCT_NAME = "$(TARGET_NAME)";
				SWIFT_EMIT_LOC_STRINGS = YES;
				SWIFT_VERSION = 5.0;
				TARGETED_DEVICE_FAMILY = "1,2";
			};
			name = Debug;
		};
		CC0DFB72275E2B7900DDA448 /* Release */ = {
			isa = XCBuildConfiguration;
			buildSettings = {
				ASSETCATALOG_COMPILER_APPICON_NAME = AppIcon;
				ASSETCATALOG_COMPILER_GLOBAL_ACCENT_COLOR_NAME = AccentColor;
				CODE_SIGN_STYLE = Automatic;
				CURRENT_PROJECT_VERSION = 1;
				DEVELOPMENT_TEAM = YSX47LJT9G;
				GENERATE_INFOPLIST_FILE = YES;
				INFOPLIST_FILE = RainbowRoadTableView/Info.plist;
				INFOPLIST_KEY_UIApplicationSupportsIndirectInputEvents = YES;
				INFOPLIST_KEY_UILaunchStoryboardName = LaunchScreen;
				INFOPLIST_KEY_UIMainStoryboardFile = Main;
				INFOPLIST_KEY_UISupportedInterfaceOrientations_iPad = "UIInterfaceOrientationPortrait UIInterfaceOrientationPortraitUpsideDown UIInterfaceOrientationLandscapeLeft UIInterfaceOrientationLandscapeRight";
				INFOPLIST_KEY_UISupportedInterfaceOrientations_iPhone = "UIInterfaceOrientationPortrait UIInterfaceOrientationLandscapeLeft UIInterfaceOrientationLandscapeRight";
				LD_RUNPATH_SEARCH_PATHS = (
					"$(inherited)",
					"@executable_path/Frameworks",
				);
				MARKETING_VERSION = 1.0;
				PRODUCT_BUNDLE_IDENTIFIER = wishStar.RainbowRoadTableView;
				PRODUCT_NAME = "$(TARGET_NAME)";
				SWIFT_EMIT_LOC_STRINGS = YES;
				SWIFT_VERSION = 5.0;
				TARGETED_DEVICE_FAMILY = "1,2";
			};
			name = Release;
		};
		CC0DFB74275E2B7900DDA448 /* Debug */ = {
			isa = XCBuildConfiguration;
			buildSettings = {
				ALWAYS_EMBED_SWIFT_STANDARD_LIBRARIES = YES;
				BUNDLE_LOADER = "$(TEST_HOST)";
				CODE_SIGN_STYLE = Automatic;
				CURRENT_PROJECT_VERSION = 1;
				DEVELOPMENT_TEAM = YSX47LJT9G;
				GENERATE_INFOPLIST_FILE = YES;
				IPHONEOS_DEPLOYMENT_TARGET = 15.0;
				LD_RUNPATH_SEARCH_PATHS = (
					"$(inherited)",
					"@executable_path/Frameworks",
					"@loader_path/Frameworks",
				);
				MARKETING_VERSION = 1.0;
				PRODUCT_BUNDLE_IDENTIFIER = wishStar.RainbowRoadTableViewTests;
				PRODUCT_NAME = "$(TARGET_NAME)";
				SWIFT_EMIT_LOC_STRINGS = NO;
				SWIFT_VERSION = 5.0;
				TARGETED_DEVICE_FAMILY = "1,2";
				TEST_HOST = "$(BUILT_PRODUCTS_DIR)/RainbowRoadTableView.app/RainbowRoadTableView";
			};
			name = Debug;
		};
		CC0DFB75275E2B7900DDA448 /* Release */ = {
			isa = XCBuildConfiguration;
			buildSettings = {
				ALWAYS_EMBED_SWIFT_STANDARD_LIBRARIES = YES;
				BUNDLE_LOADER = "$(TEST_HOST)";
				CODE_SIGN_STYLE = Automatic;
				CURRENT_PROJECT_VERSION = 1;
				DEVELOPMENT_TEAM = YSX47LJT9G;
				GENERATE_INFOPLIST_FILE = YES;
				IPHONEOS_DEPLOYMENT_TARGET = 15.0;
				LD_RUNPATH_SEARCH_PATHS = (
					"$(inherited)",
					"@executable_path/Frameworks",
					"@loader_path/Frameworks",
				);
				MARKETING_VERSION = 1.0;
				PRODUCT_BUNDLE_IDENTIFIER = wishStar.RainbowRoadTableViewTests;
				PRODUCT_NAME = "$(TARGET_NAME)";
				SWIFT_EMIT_LOC_STRINGS = NO;
				SWIFT_VERSION = 5.0;
				TARGETED_DEVICE_FAMILY = "1,2";
				TEST_HOST = "$(BUILT_PRODUCTS_DIR)/RainbowRoadTableView.app/RainbowRoadTableView";
			};
			name = Release;
		};
		CC0DFB77275E2B7900DDA448 /* Debug */ = {
			isa = XCBuildConfiguration;
			buildSettings = {
				ALWAYS_EMBED_SWIFT_STANDARD_LIBRARIES = YES;
				CODE_SIGN_STYLE = Automatic;
				CURRENT_PROJECT_VERSION = 1;
				DEVELOPMENT_TEAM = YSX47LJT9G;
				GENERATE_INFOPLIST_FILE = YES;
				LD_RUNPATH_SEARCH_PATHS = (
					"$(inherited)",
					"@executable_path/Frameworks",
					"@loader_path/Frameworks",
				);
				MARKETING_VERSION = 1.0;
				PRODUCT_BUNDLE_IDENTIFIER = wishStar.RainbowRoadTableViewUITests;
				PRODUCT_NAME = "$(TARGET_NAME)";
				SWIFT_EMIT_LOC_STRINGS = NO;
				SWIFT_VERSION = 5.0;
				TARGETED_DEVICE_FAMILY = "1,2";
				TEST_TARGET_NAME = RainbowRoadTableView;
			};
			name = Debug;
		};
		CC0DFB78275E2B7900DDA448 /* Release */ = {
			isa = XCBuildConfiguration;
			buildSettings = {
				ALWAYS_EMBED_SWIFT_STANDARD_LIBRARIES = YES;
				CODE_SIGN_STYLE = Automatic;
				CURRENT_PROJECT_VERSION = 1;
				DEVELOPMENT_TEAM = YSX47LJT9G;
				GENERATE_INFOPLIST_FILE = YES;
				LD_RUNPATH_SEARCH_PATHS = (
					"$(inherited)",
					"@executable_path/Frameworks",
					"@loader_path/Frameworks",
				);
				MARKETING_VERSION = 1.0;
				PRODUCT_BUNDLE_IDENTIFIER = wishStar.RainbowRoadTableViewUITests;
				PRODUCT_NAME = "$(TARGET_NAME)";
				SWIFT_EMIT_LOC_STRINGS = NO;
				SWIFT_VERSION = 5.0;
				TARGETED_DEVICE_FAMILY = "1,2";
				TEST_TARGET_NAME = RainbowRoadTableView;
			};
			name = Release;
		};
/* End XCBuildConfiguration section */

/* Begin XCConfigurationList section */
		CC0DFB41275E2B7700DDA448 /* Build configuration list for PBXProject "RainbowRoadTableView" */ = {
			isa = XCConfigurationList;
			buildConfigurations = (
				CC0DFB6E275E2B7900DDA448 /* Debug */,
				CC0DFB6F275E2B7900DDA448 /* Release */,
			);
			defaultConfigurationIsVisible = 0;
			defaultConfigurationName = Release;
		};
		CC0DFB70275E2B7900DDA448 /* Build configuration list for PBXNativeTarget "RainbowRoadTableView" */ = {
			isa = XCConfigurationList;
			buildConfigurations = (
				CC0DFB71275E2B7900DDA448 /* Debug */,
				CC0DFB72275E2B7900DDA448 /* Release */,
			);
			defaultConfigurationIsVisible = 0;
			defaultConfigurationName = Release;
		};
		CC0DFB73275E2B7900DDA448 /* Build configuration list for PBXNativeTarget "RainbowRoadTableViewTests" */ = {
			isa = XCConfigurationList;
			buildConfigurations = (
				CC0DFB74275E2B7900DDA448 /* Debug */,
				CC0DFB75275E2B7900DDA448 /* Release */,
			);
			defaultConfigurationIsVisible = 0;
			defaultConfigurationName = Release;
		};
		CC0DFB76275E2B7900DDA448 /* Build configuration list for PBXNativeTarget "RainbowRoadTableViewUITests" */ = {
			isa = XCConfigurationList;
			buildConfigurations = (
				CC0DFB77275E2B7900DDA448 /* Debug */,
				CC0DFB78275E2B7900DDA448 /* Release */,
			);
			defaultConfigurationIsVisible = 0;
			defaultConfigurationName = Release;
		};
/* End XCConfigurationList section */
	};
	rootObject = CC0DFB3E275E2B7700DDA448 /* Project object */;
}
